
Microsoft Visual Studio Solution File, Format Version 12.00
# Visual Studio Version 16
VisualStudioVersion = 16.0.29728.190
MinimumVisualStudioVersion = 10.0.40219.1
Project("{F2A71F9B-5D33-465A-A702-920D77279786}") = "Preamble", "Preamble\Preamble.fsproj", "{EEFDA3FA-2967-4D49-AD72-871359BB5E65}"
EndProject
Project("{F2A71F9B-5D33-465A-A702-920D77279786}") = "Preamble.Tests", "Preamble.Tests\Preamble.Tests.fsproj", "{53A18D30-8A97-48CF-B402-C7DCB3E6E2CC}"
EndProject
Global
	GlobalSection(SolutionConfigurationPlatforms) = preSolution
		Debug|Any CPU = Debug|Any CPU
		Release|Any CPU = Release|Any CPU
	EndGlobalSection
	GlobalSection(ProjectConfigurationPlatforms) = postSolution
		{EEFDA3FA-2967-4D49-AD72-871359BB5E65}.Debug|Any CPU.ActiveCfg = Debug|Any CPU
		{EEFDA3FA-2967-4D49-AD72-871359BB5E65}.Debug|Any CPU.Build.0 = Debug|Any CPU
		{EEFDA3FA-2967-4D49-AD72-871359BB5E65}.Release|Any CPU.ActiveCfg = Release|Any CPU
		{EEFDA3FA-2967-4D49-AD72-871359BB5E65}.Release|Any CPU.Build.0 = Release|Any CPU
		{53A18D30-8A97-48CF-B402-C7DCB3E6E2CC}.Debug|Any CPU.ActiveCfg = Debug|Any CPU
		{53A18D30-8A97-48CF-B402-C7DCB3E6E2CC}.Debug|Any CPU.Build.0 = Debug|Any CPU
		{53A18D30-8A97-48CF-B402-C7DCB3E6E2CC}.Release|Any CPU.ActiveCfg = Release|Any CPU
		{53A18D30-8A97-48CF-B402-C7DCB3E6E2CC}.Release|Any CPU.Build.0 = Release|Any CPU
	EndGlobalSection
	GlobalSection(SolutionProperties) = preSolution
		HideSolutionNode = FALSE
	EndGlobalSection
	GlobalSection(ExtensibilityGlobals) = postSolution
		SolutionGuid = {E08E5930-B106-4AF9-A6DB-3C2CFECBED4D}
	EndGlobalSection
EndGlobal
